
Microsoft Visual Studio Solution File, Format Version 12.00
# Visual Studio Version 17
VisualStudioVersion = 17.8.34309.116
MinimumVisualStudioVersion = 10.0.40219.1
Project("{FAE04EC0-301F-11D3-BF4B-00C04F79EFBC}") = "JaggedArray", "JaggedArray\JaggedArray.csproj", "{57AC09DE-8261-405E-A5EB-7D7B3C18FA5E}"
EndProject
Global
	GlobalSection(SolutionConfigurationPlatforms) = preSolution
		Debug|Any CPU = Debug|Any CPU
		Release|Any CPU = Release|Any CPU
	EndGlobalSection
	GlobalSection(ProjectConfigurationPlatforms) = postSolution
		{57AC09DE-8261-405E-A5EB-7D7B3C18FA5E}.Debug|Any CPU.ActiveCfg = Debug|Any CPU
		{57AC09DE-8261-405E-A5EB-7D7B3C18FA5E}.Debug|Any CPU.Build.0 = Debug|Any CPU
		{57AC09DE-8261-405E-A5EB-7D7B3C18FA5E}.Release|Any CPU.ActiveCfg = Release|Any CPU
		{57AC09DE-8261-405E-A5EB-7D7B3C18FA5E}.Release|Any CPU.Build.0 = Release|Any CPU
	EndGlobalSection
	GlobalSection(SolutionProperties) = preSolution
		HideSolutionNode = FALSE
	EndGlobalSection
	GlobalSection(ExtensibilityGlobals) = postSolution
		SolutionGuid = {C87489DC-4FC6-4932-AD38-31B57C294FAA}
	EndGlobalSection
EndGlobal
